
Microsoft Visual Studio Solution File, Format Version 12.00
# Visual Studio 2013
VisualStudioVersion = 12.0.21005.1
MinimumVisualStudioVersion = 10.0.40219.1
Project("{FAE04EC0-301F-11D3-BF4B-00C04F79EFBC}") = "nutritionchik", "nutritionchik\nutritionchik.csproj", "{EF6D5386-5EF4-4288-90D7-CD128C1DE5A4}"
EndProject
Project("{FAE04EC0-301F-11D3-BF4B-00C04F79EFBC}") = "nutritionchik.Tests", "nutritionchik.Tests\nutritionchik.Tests.csproj", "{D03C3EB1-C7ED-4C5B-B32A-88A10FEBE279}"
EndProject
Global
	GlobalSection(SolutionConfigurationPlatforms) = preSolution
		Debug|Any CPU = Debug|Any CPU
		Release|Any CPU = Release|Any CPU
	EndGlobalSection
	GlobalSection(ProjectConfigurationPlatforms) = postSolution
		{EF6D5386-5EF4-4288-90D7-CD128C1DE5A4}.Debug|Any CPU.ActiveCfg = Debug|Any CPU
		{EF6D5386-5EF4-4288-90D7-CD128C1DE5A4}.Debug|Any CPU.Build.0 = Debug|Any CPU
		{EF6D5386-5EF4-4288-90D7-CD128C1DE5A4}.Release|Any CPU.ActiveCfg = Release|Any CPU
		{EF6D5386-5EF4-4288-90D7-CD128C1DE5A4}.Release|Any CPU.Build.0 = Release|Any CPU
		{D03C3EB1-C7ED-4C5B-B32A-88A10FEBE279}.Debug|Any CPU.ActiveCfg = Debug|Any CPU
		{D03C3EB1-C7ED-4C5B-B32A-88A10FEBE279}.Debug|Any CPU.Build.0 = Debug|Any CPU
		{D03C3EB1-C7ED-4C5B-B32A-88A10FEBE279}.Release|Any CPU.ActiveCfg = Release|Any CPU
		{D03C3EB1-C7ED-4C5B-B32A-88A10FEBE279}.Release|Any CPU.Build.0 = Release|Any CPU
	EndGlobalSection
	GlobalSection(SolutionProperties) = preSolution
		HideSolutionNode = FALSE
	EndGlobalSection
EndGlobal
